
Microsoft Visual Studio Solution File, Format Version 12.00
# Visual Studio Version 17
VisualStudioVersion = 17.14.36717.8
MinimumVisualStudioVersion = 10.0.40219.1
Project("{FAE04EC0-301F-11D3-BF4B-00C04F79EFBC}") = "NTierTask", "NTierTask\NTierTask.csproj", "{BBF2AD00-2855-49DF-8EFB-D0092233B18F}"
EndProject
Project("{2150E333-8FDC-42A3-9474-1A3956D46DE8}") = "src", "src", "{02EA681E-C7D8-13C7-8484-4AC65E1B71E8}"
EndProject
Project("{2150E333-8FDC-42A3-9474-1A3956D46DE8}") = "Ecommerce", "Ecommerce", "{60C69CC1-9757-48DB-A437-AD073FF841DD}"
EndProject
Project("{FAE04EC0-301F-11D3-BF4B-00C04F79EFBC}") = "EcommerceDataAccessLayer", "EcommerceDataAccessLayer\EcommerceDataAccessLayer.csproj", "{E1E6056B-2270-472A-908F-802226D9F5D4}"
EndProject
Project("{2150E333-8FDC-42A3-9474-1A3956D46DE8}") = "EcommerceBusinesLogicLayer", "EcommerceBusinesLogicLayer", "{C12D8EEF-9744-4313-8096-9C4FFF721CEF}"
EndProject
Project("{FAE04EC0-301F-11D3-BF4B-00C04F79EFBC}") = "EcommerceBusinesLogicLayer", "EcommerceBusinesLogicLayer\EcommerceBusinesLogicLayer.csproj", "{DEC9F9B4-E110-4ECF-B3AF-03D959F97788}"
EndProject
Project("{2150E333-8FDC-42A3-9474-1A3956D46DE8}") = "EcommerceUiConsole", "EcommerceUiConsole", "{0D70D5D8-F379-4DFC-AF2C-00281514F728}"
EndProject
Project("{FAE04EC0-301F-11D3-BF4B-00C04F79EFBC}") = "EcommerceUi", "EcommerceUi\EcommerceUi.csproj", "{31565473-6999-4A3C-B418-7F67F43FEFD6}"
EndProject
Global
	GlobalSection(SolutionConfigurationPlatforms) = preSolution
		Debug|Any CPU = Debug|Any CPU
		Release|Any CPU = Release|Any CPU
	EndGlobalSection
	GlobalSection(ProjectConfigurationPlatforms) = postSolution
		{BBF2AD00-2855-49DF-8EFB-D0092233B18F}.Debug|Any CPU.ActiveCfg = Debug|Any CPU
		{BBF2AD00-2855-49DF-8EFB-D0092233B18F}.Debug|Any CPU.Build.0 = Debug|Any CPU
		{BBF2AD00-2855-49DF-8EFB-D0092233B18F}.Release|Any CPU.ActiveCfg = Release|Any CPU
		{BBF2AD00-2855-49DF-8EFB-D0092233B18F}.Release|Any CPU.Build.0 = Release|Any CPU
		{E1E6056B-2270-472A-908F-802226D9F5D4}.Debug|Any CPU.ActiveCfg = Debug|Any CPU
		{E1E6056B-2270-472A-908F-802226D9F5D4}.Debug|Any CPU.Build.0 = Debug|Any CPU
		{E1E6056B-2270-472A-908F-802226D9F5D4}.Release|Any CPU.ActiveCfg = Release|Any CPU
		{E1E6056B-2270-472A-908F-802226D9F5D4}.Release|Any CPU.Build.0 = Release|Any CPU
		{DEC9F9B4-E110-4ECF-B3AF-03D959F97788}.Debug|Any CPU.ActiveCfg = Debug|Any CPU
		{DEC9F9B4-E110-4ECF-B3AF-03D959F97788}.Debug|Any CPU.Build.0 = Debug|Any CPU
		{DEC9F9B4-E110-4ECF-B3AF-03D959F97788}.Release|Any CPU.ActiveCfg = Release|Any CPU
		{DEC9F9B4-E110-4ECF-B3AF-03D959F97788}.Release|Any CPU.Build.0 = Release|Any CPU
		{31565473-6999-4A3C-B418-7F67F43FEFD6}.Debug|Any CPU.ActiveCfg = Debug|Any CPU
		{31565473-6999-4A3C-B418-7F67F43FEFD6}.Debug|Any CPU.Build.0 = Debug|Any CPU
		{31565473-6999-4A3C-B418-7F67F43FEFD6}.Release|Any CPU.ActiveCfg = Release|Any CPU
		{31565473-6999-4A3C-B418-7F67F43FEFD6}.Release|Any CPU.Build.0 = Release|Any CPU
	EndGlobalSection
	GlobalSection(SolutionProperties) = preSolution
		HideSolutionNode = FALSE
	EndGlobalSection
	GlobalSection(NestedProjects) = preSolution
		{60C69CC1-9757-48DB-A437-AD073FF841DD} = {02EA681E-C7D8-13C7-8484-4AC65E1B71E8}
		{E1E6056B-2270-472A-908F-802226D9F5D4} = {60C69CC1-9757-48DB-A437-AD073FF841DD}
		{C12D8EEF-9744-4313-8096-9C4FFF721CEF} = {02EA681E-C7D8-13C7-8484-4AC65E1B71E8}
		{DEC9F9B4-E110-4ECF-B3AF-03D959F97788} = {C12D8EEF-9744-4313-8096-9C4FFF721CEF}
		{0D70D5D8-F379-4DFC-AF2C-00281514F728} = {02EA681E-C7D8-13C7-8484-4AC65E1B71E8}
		{31565473-6999-4A3C-B418-7F67F43FEFD6} = {0D70D5D8-F379-4DFC-AF2C-00281514F728}
	EndGlobalSection
	GlobalSection(ExtensibilityGlobals) = postSolution
		SolutionGuid = {3AE30C9C-56C7-4153-B08C-9870AAFAC7BA}
	EndGlobalSection
EndGlobal
